
Microsoft Visual Studio Solution File, Format Version 12.00
# Visual Studio Version 16
VisualStudioVersion = 16.0.30611.23
MinimumVisualStudioVersion = 10.0.40219.1
Project("{9A19103F-16F7-4668-BE54-9A1E7A4F7556}") = "WebServer", "WebServer\WebServer.csproj", "{CC34B4CB-DF05-44FA-BD99-6CE440DDBCA6}"
EndProject
Project("{9A19103F-16F7-4668-BE54-9A1E7A4F7556}") = "WebServerUnitTests", "WebServerUnitTests\WebServerUnitTests.csproj", "{A3CBBECD-B816-4DCC-9095-AAB839CBCB3A}"
EndProject
Global
	GlobalSection(SolutionConfigurationPlatforms) = preSolution
		Debug|Any CPU = Debug|Any CPU
		Release|Any CPU = Release|Any CPU
	EndGlobalSection
	GlobalSection(ProjectConfigurationPlatforms) = postSolution
		{CC34B4CB-DF05-44FA-BD99-6CE440DDBCA6}.Debug|Any CPU.ActiveCfg = Debug|Any CPU
		{CC34B4CB-DF05-44FA-BD99-6CE440DDBCA6}.Debug|Any CPU.Build.0 = Debug|Any CPU
		{CC34B4CB-DF05-44FA-BD99-6CE440DDBCA6}.Release|Any CPU.ActiveCfg = Release|Any CPU
		{CC34B4CB-DF05-44FA-BD99-6CE440DDBCA6}.Release|Any CPU.Build.0 = Release|Any CPU
		{A3CBBECD-B816-4DCC-9095-AAB839CBCB3A}.Debug|Any CPU.ActiveCfg = Debug|Any CPU
		{A3CBBECD-B816-4DCC-9095-AAB839CBCB3A}.Debug|Any CPU.Build.0 = Debug|Any CPU
		{A3CBBECD-B816-4DCC-9095-AAB839CBCB3A}.Release|Any CPU.ActiveCfg = Release|Any CPU
		{A3CBBECD-B816-4DCC-9095-AAB839CBCB3A}.Release|Any CPU.Build.0 = Release|Any CPU
	EndGlobalSection
	GlobalSection(SolutionProperties) = preSolution
		HideSolutionNode = FALSE
	EndGlobalSection
	GlobalSection(ExtensibilityGlobals) = postSolution
		SolutionGuid = {0105B41F-711F-460E-A139-F668ED59047F}
	EndGlobalSection
EndGlobal
